
Microsoft Visual Studio Solution File, Format Version 12.00
# Visual Studio Version 17
VisualStudioVersion = 17.2.32516.85
MinimumVisualStudioVersion = 10.0.40219.1
Project("{FAE04EC0-301F-11D3-BF4B-00C04F79EFBC}") = "TemperatureConverter.GUI", "TemperatureConverter.GUI\TemperatureConverter.GUI.csproj", "{7736FC26-8589-4460-9744-7BA083E13F5B}"
EndProject
Project("{FAE04EC0-301F-11D3-BF4B-00C04F79EFBC}") = "TemperatureConverter.Models", "TemperatureConverter.Models\TemperatureConverter.Models.csproj", "{700AE3C4-0E00-4DB0-9227-C0E545D4412C}"
EndProject
Global
	GlobalSection(SolutionConfigurationPlatforms) = preSolution
		Debug|Any CPU = Debug|Any CPU
		Release|Any CPU = Release|Any CPU
	EndGlobalSection
	GlobalSection(ProjectConfigurationPlatforms) = postSolution
		{7736FC26-8589-4460-9744-7BA083E13F5B}.Debug|Any CPU.ActiveCfg = Debug|Any CPU
		{7736FC26-8589-4460-9744-7BA083E13F5B}.Debug|Any CPU.Build.0 = Debug|Any CPU
		{7736FC26-8589-4460-9744-7BA083E13F5B}.Release|Any CPU.ActiveCfg = Release|Any CPU
		{7736FC26-8589-4460-9744-7BA083E13F5B}.Release|Any CPU.Build.0 = Release|Any CPU
		{700AE3C4-0E00-4DB0-9227-C0E545D4412C}.Debug|Any CPU.ActiveCfg = Debug|Any CPU
		{700AE3C4-0E00-4DB0-9227-C0E545D4412C}.Debug|Any CPU.Build.0 = Debug|Any CPU
		{700AE3C4-0E00-4DB0-9227-C0E545D4412C}.Release|Any CPU.ActiveCfg = Release|Any CPU
		{700AE3C4-0E00-4DB0-9227-C0E545D4412C}.Release|Any CPU.Build.0 = Release|Any CPU
	EndGlobalSection
	GlobalSection(SolutionProperties) = preSolution
		HideSolutionNode = FALSE
	EndGlobalSection
	GlobalSection(ExtensibilityGlobals) = postSolution
		SolutionGuid = {616ED544-97E5-4102-B3CA-EB7557C1DDED}
	EndGlobalSection
EndGlobal
